<?xml version="1.0" encoding="UTF-8" standalone="yes" ?>
<CodeBlocks_project_file>
	<FileVersion major="1" minor="6" />
	<Project>
		<Option title="Alexa" />
		<Option pch_mode="2" />
		<Option compiler="gcc" />
		<Option virtualFolders="Console\;Assisstant\;Assisstant\;Console\Window\;Assisstant\;Console\Sdl\;Assisstant\;Console\$ Base $\;Assisstant\;Console\Image\;Assisstant\;Console\Input\;Assisstant\;Console\Input\$ Base $\;Assisstant\;Console\Input\Keyboard\;Assisstant\;Console\Input\Mouse\;Assisstant\;Console\Input\Action\;Assisstant\;Console\$ Base $\;Assisstant\Vector2\;Element\Node\;Element\Node\Sprite\;README\;Element\;Data\;Data\Image\;Element\Node\zz Node\;Element\zz Element\;Data\zz Data\;Console\zz Console\;Console\Input\zz Input\;Element\Scene\;Scene\;" />
		<Build>
			<Target title="Debug">
				<Option output="bin/Debug/Alexa" prefix_auto="1" extension_auto="1" />
				<Option object_output="obj/Debug/" />
				<Option type="1" />
				<Option compiler="gcc" />
				<Compiler>
					<Add option="-g" />
				</Compiler>
			</Target>
			<Target title="Release">
				<Option output="bin/Release/Alexa" prefix_auto="1" extension_auto="1" />
				<Option object_output="obj/Release/" />
				<Option type="0" />
				<Option compiler="gcc" />
				<Compiler>
					<Add option="-O2" />
				</Compiler>
				<Linker>
					<Add option="-s" />
				</Linker>
			</Target>
		</Build>
		<Compiler>
			<Add option="-Wall" />
			<Add directory="D:/GAME PRODUCTION/FRAMEWORK/SDL/include" />
		</Compiler>
		<Linker>
			<Add option="-lSDL2_image" />
			<Add library="mingw32" />
			<Add library="SDL2main" />
			<Add library="SDL2.dll" />
			<Add library="user32" />
			<Add library="gdi32" />
			<Add library="winmm" />
			<Add library="dxguid" />
			<Add directory="D:/GAME PRODUCTION/FRAMEWORK/SDL/lib" />
		</Linker>
		<ExtraCommands>
			<Add after="XCOPY $(#sdl2)\bin\*.dll $(TARGET_OUTPUT_DIR) /D /Y" />
		</ExtraCommands>
		<Unit filename="Node.cpp">
			<Option virtualFolder="Element/Node/zz Node/" />
		</Unit>
		<Unit filename="Node.h">
			<Option virtualFolder="Element/Node/zz Node/" />
		</Unit>
		<Unit filename="Node_Base.h">
			<Option virtualFolder="Element/Node/zz Node/" />
		</Unit>
		<Unit filename="README.txt">
			<Option virtualFolder="README/" />
		</Unit>
		<Unit filename="Scene.cpp">
			<Option virtualFolder="Element/Scene/" />
		</Unit>
		<Unit filename="Scene.h">
			<Option virtualFolder="Element/Scene/" />
		</Unit>
		<Unit filename="Sprite.cpp">
			<Option virtualFolder="Element/Node/Sprite/" />
		</Unit>
		<Unit filename="Sprite.h">
			<Option virtualFolder="Element/Node/Sprite/" />
		</Unit>
		<Unit filename="Vector2.cpp">
			<Option virtualFolder="Assisstant/Vector2/" />
		</Unit>
		<Unit filename="Vector2.h">
			<Option virtualFolder="Assisstant/Vector2/" />
		</Unit>
		<Unit filename="ddata.cpp">
			<Option virtualFolder="Data/zz Data/" />
		</Unit>
		<Unit filename="ddata.h">
			<Option virtualFolder="Data/zz Data/" />
		</Unit>
		<Unit filename="dimage.cpp">
			<Option virtualFolder="Data/Image/" />
		</Unit>
		<Unit filename="dimage.h">
			<Option virtualFolder="Data/Image/" />
		</Unit>
		<Unit filename="eelement.cpp">
			<Option virtualFolder="Element/zz Element/" />
		</Unit>
		<Unit filename="eelement.h">
			<Option virtualFolder="Element/zz Element/" />
		</Unit>
		<Unit filename="haction.cpp">
			<Option virtualFolder="Console/Input/Action/" />
		</Unit>
		<Unit filename="haction.h">
			<Option virtualFolder="Console/Input/Action/" />
		</Unit>
		<Unit filename="hbase.cpp">
			<Option virtualFolder="Console/$ Base $/" />
		</Unit>
		<Unit filename="hbase.h">
			<Option virtualFolder="Console/$ Base $/" />
		</Unit>
		<Unit filename="hbase_input.cpp">
			<Option virtualFolder="Console/Input/$ Base $/" />
		</Unit>
		<Unit filename="hbase_input.h">
			<Option virtualFolder="Console/Input/$ Base $/" />
		</Unit>
		<Unit filename="hconsole.cpp">
			<Option virtualFolder="Console/zz Console/" />
		</Unit>
		<Unit filename="hconsole.h">
			<Option virtualFolder="Console/zz Console/" />
		</Unit>
		<Unit filename="hgame.cpp" />
		<Unit filename="hgame.h" />
		<Unit filename="hheader.h">
			<Option virtualFolder="Assisstant/" />
		</Unit>
		<Unit filename="himage.cpp">
			<Option virtualFolder="Console/Image/" />
		</Unit>
		<Unit filename="himage.h">
			<Option virtualFolder="Console/Image/" />
		</Unit>
		<Unit filename="hinput.cpp">
			<Option virtualFolder="Console/Input/zz Input/" />
		</Unit>
		<Unit filename="hinput.h">
			<Option virtualFolder="Console/Input/zz Input/" />
		</Unit>
		<Unit filename="hkey.cpp">
			<Option virtualFolder="Console/Input/Keyboard/" />
		</Unit>
		<Unit filename="hkey.h">
			<Option virtualFolder="Console/Input/Keyboard/" />
		</Unit>
		<Unit filename="hmouse.cpp">
			<Option virtualFolder="Console/Input/Mouse/" />
		</Unit>
		<Unit filename="hmouse.h">
			<Option virtualFolder="Console/Input/Mouse/" />
		</Unit>
		<Unit filename="hsdl.cpp">
			<Option virtualFolder="Console/Sdl/" />
		</Unit>
		<Unit filename="hsdl.h">
			<Option virtualFolder="Console/Sdl/" />
		</Unit>
		<Unit filename="hwindow.cpp">
			<Option virtualFolder="Console/Window/" />
		</Unit>
		<Unit filename="hwindow.h">
			<Option virtualFolder="Console/Window/" />
		</Unit>
		<Unit filename="main.cpp" />
		<Unit filename="test_scene.cpp">
			<Option virtualFolder="Scene/" />
		</Unit>
		<Unit filename="test_scene.h">
			<Option virtualFolder="Scene/" />
		</Unit>
		<Extensions>
			<code_completion />
			<envvars />
			<debugger />
			<lib_finder disable_auto="1" />
		</Extensions>
	</Project>
</CodeBlocks_project_file>
